
Microsoft Visual Studio Solution File, Format Version 12.00
# Visual Studio Version 17
VisualStudioVersion = 17.3.32901.215
MinimumVisualStudioVersion = 10.0.40219.1
Project("{FAE04EC0-301F-11D3-BF4B-00C04F79EFBC}") = "stackUsingLinkedList", "stackUsingLinkedList\stackUsingLinkedList.csproj", "{DE46BF16-FE15-45F4-B1CA-653FDDBE4F8F}"
EndProject
Global
	GlobalSection(SolutionConfigurationPlatforms) = preSolution
		Debug|Any CPU = Debug|Any CPU
		Release|Any CPU = Release|Any CPU
	EndGlobalSection
	GlobalSection(ProjectConfigurationPlatforms) = postSolution
		{DE46BF16-FE15-45F4-B1CA-653FDDBE4F8F}.Debug|Any CPU.ActiveCfg = Debug|Any CPU
		{DE46BF16-FE15-45F4-B1CA-653FDDBE4F8F}.Debug|Any CPU.Build.0 = Debug|Any CPU
		{DE46BF16-FE15-45F4-B1CA-653FDDBE4F8F}.Release|Any CPU.ActiveCfg = Release|Any CPU
		{DE46BF16-FE15-45F4-B1CA-653FDDBE4F8F}.Release|Any CPU.Build.0 = Release|Any CPU
	EndGlobalSection
	GlobalSection(SolutionProperties) = preSolution
		HideSolutionNode = FALSE
	EndGlobalSection
	GlobalSection(ExtensibilityGlobals) = postSolution
		SolutionGuid = {78238CF9-69D2-4DF5-ABE6-435F8F80E08C}
	EndGlobalSection
EndGlobal
